
Microsoft Visual Studio Solution File, Format Version 12.00
# Visual Studio 14
VisualStudioVersion = 14.0.22823.1
MinimumVisualStudioVersion = 10.0.40219.1
Project("{FAE04EC0-301F-11D3-BF4B-00C04F79EFBC}") = "HtmlKit", "HtmlKit\HtmlKit.csproj", "{065C4D91-32E7-442D-8884-CEA2BC3DF4E9}"
EndProject
Project("{FAE04EC0-301F-11D3-BF4B-00C04F79EFBC}") = "UnitTests", "UnitTests\UnitTests.csproj", "{67422E85-C759-43D1-883C-D15EBD69A594}"
EndProject
Project("{FAE04EC0-301F-11D3-BF4B-00C04F79EFBC}") = "CodeGenerator", "CodeGenerator\CodeGenerator.csproj", "{593E3C88-A6C3-4D26-81F8-5EAAEA23F10A}"
EndProject
Project("{FAE04EC0-301F-11D3-BF4B-00C04F79EFBC}") = "HtmlKit_Net20", "HtmlKit_Net20\HtmlKit_Net20.csproj", "{8406C949-82DB-4A84-9F4A-7245C70C5E51}"
EndProject
Project("{FAE04EC0-301F-11D3-BF4B-00C04F79EFBC}") = "HtmlBuilder", "HtmlBuilder\HtmlBuilder.csproj", "{3D561B6C-C738-4A33-A392-5630CA9A0AA7}"
EndProject
Project("{2150E333-8FDC-42A3-9474-1A3956D46DE8}") = "02_My", "02_My", "{7F0456D5-A6D6-4C1B-9F09-BAB14E741162}"
EndProject
Project("{2150E333-8FDC-42A3-9474-1A3956D46DE8}") = "01_Orginal", "01_Orginal", "{8F28D6DB-5CE1-4A5E-BE53-253AA27BE083}"
EndProject
Global
	GlobalSection(SolutionConfigurationPlatforms) = preSolution
		Debug|Any CPU = Debug|Any CPU
		Release|Any CPU = Release|Any CPU
	EndGlobalSection
	GlobalSection(ProjectConfigurationPlatforms) = postSolution
		{065C4D91-32E7-442D-8884-CEA2BC3DF4E9}.Debug|Any CPU.ActiveCfg = Debug|Any CPU
		{065C4D91-32E7-442D-8884-CEA2BC3DF4E9}.Debug|Any CPU.Build.0 = Debug|Any CPU
		{065C4D91-32E7-442D-8884-CEA2BC3DF4E9}.Release|Any CPU.ActiveCfg = Release|Any CPU
		{065C4D91-32E7-442D-8884-CEA2BC3DF4E9}.Release|Any CPU.Build.0 = Release|Any CPU
		{67422E85-C759-43D1-883C-D15EBD69A594}.Debug|Any CPU.ActiveCfg = Debug|Any CPU
		{67422E85-C759-43D1-883C-D15EBD69A594}.Debug|Any CPU.Build.0 = Debug|Any CPU
		{67422E85-C759-43D1-883C-D15EBD69A594}.Release|Any CPU.ActiveCfg = Release|Any CPU
		{67422E85-C759-43D1-883C-D15EBD69A594}.Release|Any CPU.Build.0 = Release|Any CPU
		{593E3C88-A6C3-4D26-81F8-5EAAEA23F10A}.Debug|Any CPU.ActiveCfg = Debug|Any CPU
		{593E3C88-A6C3-4D26-81F8-5EAAEA23F10A}.Debug|Any CPU.Build.0 = Debug|Any CPU
		{593E3C88-A6C3-4D26-81F8-5EAAEA23F10A}.Release|Any CPU.ActiveCfg = Release|Any CPU
		{593E3C88-A6C3-4D26-81F8-5EAAEA23F10A}.Release|Any CPU.Build.0 = Release|Any CPU
		{8406C949-82DB-4A84-9F4A-7245C70C5E51}.Debug|Any CPU.ActiveCfg = Debug|Any CPU
		{8406C949-82DB-4A84-9F4A-7245C70C5E51}.Debug|Any CPU.Build.0 = Debug|Any CPU
		{8406C949-82DB-4A84-9F4A-7245C70C5E51}.Release|Any CPU.ActiveCfg = Release|Any CPU
		{8406C949-82DB-4A84-9F4A-7245C70C5E51}.Release|Any CPU.Build.0 = Release|Any CPU
		{3D561B6C-C738-4A33-A392-5630CA9A0AA7}.Debug|Any CPU.ActiveCfg = Debug|Any CPU
		{3D561B6C-C738-4A33-A392-5630CA9A0AA7}.Debug|Any CPU.Build.0 = Debug|Any CPU
		{3D561B6C-C738-4A33-A392-5630CA9A0AA7}.Release|Any CPU.ActiveCfg = Release|Any CPU
		{3D561B6C-C738-4A33-A392-5630CA9A0AA7}.Release|Any CPU.Build.0 = Release|Any CPU
	EndGlobalSection
	GlobalSection(SolutionProperties) = preSolution
		HideSolutionNode = FALSE
	EndGlobalSection
	GlobalSection(NestedProjects) = preSolution
		{065C4D91-32E7-442D-8884-CEA2BC3DF4E9} = {8F28D6DB-5CE1-4A5E-BE53-253AA27BE083}
		{67422E85-C759-43D1-883C-D15EBD69A594} = {8F28D6DB-5CE1-4A5E-BE53-253AA27BE083}
		{593E3C88-A6C3-4D26-81F8-5EAAEA23F10A} = {8F28D6DB-5CE1-4A5E-BE53-253AA27BE083}
		{8406C949-82DB-4A84-9F4A-7245C70C5E51} = {7F0456D5-A6D6-4C1B-9F09-BAB14E741162}
		{3D561B6C-C738-4A33-A392-5630CA9A0AA7} = {7F0456D5-A6D6-4C1B-9F09-BAB14E741162}
	EndGlobalSection
EndGlobal
